// !$*UTF8*$!
{
	archiveVersion = 1;
	classes = {
	};
	objectVersion = 56;
	objects = {

/* Begin PBXBuildFile section */
		4EA2C6AD2B80597600837674 /* WeatherApp.swift in Sources */ = {isa = PBXBuildFile; fileRef = 4EA2C6AC2B80597600837674 /* WeatherApp.swift */; };
		4EA2C6AF2B80597600837674 /* ContentView.swift in Sources */ = {isa = PBXBuildFile; fileRef = 4EA2C6AE2B80597600837674 /* ContentView.swift */; };
		4EA2C6B12B80597800837674 /* Assets.xcassets in Resources */ = {isa = PBXBuildFile; fileRef = 4EA2C6B02B80597800837674 /* Assets.xcassets */; };
		4EA2C6B52B80597800837674 /* Preview Assets.xcassets in Resources */ = {isa = PBXBuildFile; fileRef = 4EA2C6B42B80597800837674 /* Preview Assets.xcassets */; };
		4EA2C6BF2B80597800837674 /* WeatherTests.swift in Sources */ = {isa = PBXBuildFile; fileRef = 4EA2C6BE2B80597800837674 /* WeatherTests.swift */; };
		4EA2C6C92B80597800837674 /* WeatherUITests.swift in Sources */ = {isa = PBXBuildFile; fileRef = 4EA2C6C82B80597800837674 /* WeatherUITests.swift */; };
		4EA2C6CB2B80597800837674 /* WeatherUITestsLaunchTests.swift in Sources */ = {isa = PBXBuildFile; fileRef = 4EA2C6CA2B80597800837674 /* WeatherUITestsLaunchTests.swift */; };
		4EA2C6DF2B805E6B00837674 /* Extensions.swift in Sources */ = {isa = PBXBuildFile; fileRef = 4EA2C6DE2B805E6B00837674 /* Extensions.swift */; };
		4EA2C6E12B819EBC00837674 /* Homeview.swift in Sources */ = {isa = PBXBuildFile; fileRef = 4EA2C6E02B819EBC00837674 /* Homeview.swift */; };
		4EA2C6E32B82935300837674 /* TabBar.swift in Sources */ = {isa = PBXBuildFile; fileRef = 4EA2C6E22B82935300837674 /* TabBar.swift */; };
		4EA2C6E52B82992C00837674 /* shapes.swift in Sources */ = {isa = PBXBuildFile; fileRef = 4EA2C6E42B82992C00837674 /* shapes.swift */; };
		4EA2C6E82B82A04500837674 /* BottomSheet in Frameworks */ = {isa = PBXBuildFile; productRef = 4EA2C6E72B82A04500837674 /* BottomSheet */; };
		4EA2C6EA2B82AED400837674 /* ForecastView.swift in Sources */ = {isa = PBXBuildFile; fileRef = 4EA2C6E92B82AED400837674 /* ForecastView.swift */; };
/* End PBXBuildFile section */

/* Begin PBXContainerItemProxy section */
		4EA2C6BB2B80597800837674 /* PBXContainerItemProxy */ = {
			isa = PBXContainerItemProxy;
			containerPortal = 4EA2C6A12B80597600837674 /* Project object */;
			proxyType = 1;
			remoteGlobalIDString = 4EA2C6A82B80597600837674;
			remoteInfo = Weather;
		};
		4EA2C6C52B80597800837674 /* PBXContainerItemProxy */ = {
			isa = PBXContainerItemProxy;
			containerPortal = 4EA2C6A12B80597600837674 /* Project object */;
			proxyType = 1;
			remoteGlobalIDString = 4EA2C6A82B80597600837674;
			remoteInfo = Weather;
		};
/* End PBXContainerItemProxy section */

/* Begin PBXFileReference section */
		4EA2C6A92B80597600837674 /* Weather.app */ = {isa = PBXFileReference; explicitFileType = wrapper.application; includeInIndex = 0; path = Weather.app; sourceTree = BUILT_PRODUCTS_DIR; };
		4EA2C6AC2B80597600837674 /* WeatherApp.swift */ = {isa = PBXFileReference; lastKnownFileType = sourcecode.swift; path = WeatherApp.swift; sourceTree = "<group>"; };
		4EA2C6AE2B80597600837674 /* ContentView.swift */ = {isa = PBXFileReference; lastKnownFileType = sourcecode.swift; path = ContentView.swift; sourceTree = "<group>"; };
		4EA2C6B02B80597800837674 /* Assets.xcassets */ = {isa = PBXFileReference; lastKnownFileType = folder.assetcatalog; path = Assets.xcassets; sourceTree = "<group>"; };
		4EA2C6B22B80597800837674 /* Weather.entitlements */ = {isa = PBXFileReference; lastKnownFileType = text.plist.entitlements; path = Weather.entitlements; sourceTree = "<group>"; };
		4EA2C6B42B80597800837674 /* Preview Assets.xcassets */ = {isa = PBXFileReference; lastKnownFileType = folder.assetcatalog; path = "Preview Assets.xcassets"; sourceTree = "<group>"; };
		4EA2C6BA2B80597800837674 /* WeatherTests.xctest */ = {isa = PBXFileReference; explicitFileType = wrapper.cfbundle; includeInIndex = 0; path = WeatherTests.xctest; sourceTree = BUILT_PRODUCTS_DIR; };
		4EA2C6BE2B80597800837674 /* WeatherTests.swift */ = {isa = PBXFileReference; lastKnownFileType = sourcecode.swift; path = WeatherTests.swift; sourceTree = "<group>"; };
		4EA2C6C42B80597800837674 /* WeatherUITests.xctest */ = {isa = PBXFileReference; explicitFileType = wrapper.cfbundle; includeInIndex = 0; path = WeatherUITests.xctest; sourceTree = BUILT_PRODUCTS_DIR; };
		4EA2C6C82B80597800837674 /* WeatherUITests.swift */ = {isa = PBXFileReference; lastKnownFileType = sourcecode.swift; path = WeatherUITests.swift; sourceTree = "<group>"; };
		4EA2C6CA2B80597800837674 /* WeatherUITestsLaunchTests.swift */ = {isa = PBXFileReference; lastKnownFileType = sourcecode.swift; path = WeatherUITestsLaunchTests.swift; sourceTree = "<group>"; };
		4EA2C6DE2B805E6B00837674 /* Extensions.swift */ = {isa = PBXFileReference; lastKnownFileType = sourcecode.swift; path = Extensions.swift; sourceTree = "<group>"; };
		4EA2C6E02B819EBC00837674 /* Homeview.swift */ = {isa = PBXFileReference; lastKnownFileType = sourcecode.swift; path = Homeview.swift; sourceTree = "<group>"; };
		4EA2C6E22B82935300837674 /* TabBar.swift */ = {isa = PBXFileReference; lastKnownFileType = sourcecode.swift; path = TabBar.swift; sourceTree = "<group>"; };
		4EA2C6E42B82992C00837674 /* shapes.swift */ = {isa = PBXFileReference; lastKnownFileType = sourcecode.swift; path = shapes.swift; sourceTree = "<group>"; };
		4EA2C6E92B82AED400837674 /* ForecastView.swift */ = {isa = PBXFileReference; lastKnownFileType = sourcecode.swift; path = ForecastView.swift; sourceTree = "<group>"; };
/* End PBXFileReference section */

/* Begin PBXFrameworksBuildPhase section */
		4EA2C6A62B80597600837674 /* Frameworks */ = {
			isa = PBXFrameworksBuildPhase;
			buildActionMask = 2147483647;
			files = (
				4EA2C6E82B82A04500837674 /* BottomSheet in Frameworks */,
			);
			runOnlyForDeploymentPostprocessing = 0;
		};
		4EA2C6B72B80597800837674 /* Frameworks */ = {
			isa = PBXFrameworksBuildPhase;
			buildActionMask = 2147483647;
			files = (
			);
			runOnlyForDeploymentPostprocessing = 0;
		};
		4EA2C6C12B80597800837674 /* Frameworks */ = {
			isa = PBXFrameworksBuildPhase;
			buildActionMask = 2147483647;
			files = (
			);
			runOnlyForDeploymentPostprocessing = 0;
		};
/* End PBXFrameworksBuildPhase section */

/* Begin PBXGroup section */
		4EA2C6A02B80597600837674 = {
			isa = PBXGroup;
			children = (
				4EA2C6AB2B80597600837674 /* Weather */,
				4EA2C6BD2B80597800837674 /* WeatherTests */,
				4EA2C6C72B80597800837674 /* WeatherUITests */,
				4EA2C6AA2B80597600837674 /* Products */,
			);
			sourceTree = "<group>";
		};
		4EA2C6AA2B80597600837674 /* Products */ = {
			isa = PBXGroup;
			children = (
				4EA2C6A92B80597600837674 /* Weather.app */,
				4EA2C6BA2B80597800837674 /* WeatherTests.xctest */,
				4EA2C6C42B80597800837674 /* WeatherUITests.xctest */,
			);
			name = Products;
			sourceTree = "<group>";
		};
		4EA2C6AB2B80597600837674 /* Weather */ = {
			isa = PBXGroup;
			children = (
				4EA2C6AC2B80597600837674 /* WeatherApp.swift */,
				4EA2C6D92B805CCD00837674 /* Utils */,
				4EA2C6D82B805CBE00837674 /* Models */,
				4EA2C6D72B805CA600837674 /* Views */,
				4EA2C6B02B80597800837674 /* Assets.xcassets */,
				4EA2C6B22B80597800837674 /* Weather.entitlements */,
				4EA2C6B32B80597800837674 /* Preview Content */,
			);
			path = Weather;
			sourceTree = "<group>";
		};
		4EA2C6B32B80597800837674 /* Preview Content */ = {
			isa = PBXGroup;
			children = (
				4EA2C6B42B80597800837674 /* Preview Assets.xcassets */,
			);
			path = "Preview Content";
			sourceTree = "<group>";
		};
		4EA2C6BD2B80597800837674 /* WeatherTests */ = {
			isa = PBXGroup;
			children = (
				4EA2C6BE2B80597800837674 /* WeatherTests.swift */,
			);
			path = WeatherTests;
			sourceTree = "<group>";
		};
		4EA2C6C72B80597800837674 /* WeatherUITests */ = {
			isa = PBXGroup;
			children = (
				4EA2C6C82B80597800837674 /* WeatherUITests.swift */,
				4EA2C6CA2B80597800837674 /* WeatherUITestsLaunchTests.swift */,
			);
			path = WeatherUITests;
			sourceTree = "<group>";
		};
		4EA2C6D72B805CA600837674 /* Views */ = {
			isa = PBXGroup;
			children = (
				4EA2C6DD2B805D0900837674 /* Components */,
				4EA2C6DC2B805D0200837674 /* Detail */,
				4EA2C6DB2B805CEF00837674 /* Navigation */,
				4EA2C6DA2B805CE600837674 /* Main */,
			);
			path = Views;
			sourceTree = "<group>";
		};
		4EA2C6D82B805CBE00837674 /* Models */ = {
			isa = PBXGroup;
			children = (
			);
			path = Models;
			sourceTree = "<group>";
		};
		4EA2C6D92B805CCD00837674 /* Utils */ = {
			isa = PBXGroup;
			children = (
				4EA2C6DE2B805E6B00837674 /* Extensions.swift */,
				4EA2C6E42B82992C00837674 /* shapes.swift */,
			);
			path = Utils;
			sourceTree = "<group>";
		};
		4EA2C6DA2B805CE600837674 /* Main */ = {
			isa = PBXGroup;
			children = (
				4EA2C6AE2B80597600837674 /* ContentView.swift */,
				4EA2C6E02B819EBC00837674 /* Homeview.swift */,
			);
			path = Main;
			sourceTree = "<group>";
		};
		4EA2C6DB2B805CEF00837674 /* Navigation */ = {
			isa = PBXGroup;
			children = (
				4EA2C6E22B82935300837674 /* TabBar.swift */,
			);
			path = Navigation;
			sourceTree = "<group>";
		};
		4EA2C6DC2B805D0200837674 /* Detail */ = {
			isa = PBXGroup;
			children = (
				4EA2C6E92B82AED400837674 /* ForecastView.swift */,
			);
			path = Detail;
			sourceTree = "<group>";
		};
		4EA2C6DD2B805D0900837674 /* Components */ = {
			isa = PBXGroup;
			children = (
			);
			path = Components;
			sourceTree = "<group>";
		};
/* End PBXGroup section */

/* Begin PBXNativeTarget section */
		4EA2C6A82B80597600837674 /* Weather */ = {
			isa = PBXNativeTarget;
			buildConfigurationList = 4EA2C6CE2B80597800837674 /* Build configuration list for PBXNativeTarget "Weather" */;
			buildPhases = (
				4EA2C6A52B80597600837674 /* Sources */,
				4EA2C6A62B80597600837674 /* Frameworks */,
				4EA2C6A72B80597600837674 /* Resources */,
			);
			buildRules = (
			);
			dependencies = (
			);
			name = Weather;
			packageProductDependencies = (
				4EA2C6E72B82A04500837674 /* BottomSheet */,
			);
			productName = Weather;
			productReference = 4EA2C6A92B80597600837674 /* Weather.app */;
			productType = "com.apple.product-type.application";
		};
		4EA2C6B92B80597800837674 /* WeatherTests */ = {
			isa = PBXNativeTarget;
			buildConfigurationList = 4EA2C6D12B80597800837674 /* Build configuration list for PBXNativeTarget "WeatherTests" */;
			buildPhases = (
				4EA2C6B62B80597800837674 /* Sources */,
				4EA2C6B72B80597800837674 /* Frameworks */,
				4EA2C6B82B80597800837674 /* Resources */,
			);
			buildRules = (
			);
			dependencies = (
				4EA2C6BC2B80597800837674 /* PBXTargetDependency */,
			);
			name = WeatherTests;
			productName = WeatherTests;
			productReference = 4EA2C6BA2B80597800837674 /* WeatherTests.xctest */;
			productType = "com.apple.product-type.bundle.unit-test";
		};
		4EA2C6C32B80597800837674 /* WeatherUITests */ = {
			isa = PBXNativeTarget;
			buildConfigurationList = 4EA2C6D42B80597800837674 /* Build configuration list for PBXNativeTarget "WeatherUITests" */;
			buildPhases = (
				4EA2C6C02B80597800837674 /* Sources */,
				4EA2C6C12B80597800837674 /* Frameworks */,
				4EA2C6C22B80597800837674 /* Resources */,
			);
			buildRules = (
			);
			dependencies = (
				4EA2C6C62B80597800837674 /* PBXTargetDependency */,
			);
			name = WeatherUITests;
			productName = WeatherUITests;
			productReference = 4EA2C6C42B80597800837674 /* WeatherUITests.xctest */;
			productType = "com.apple.product-type.bundle.ui-testing";
		};
/* End PBXNativeTarget section */

/* Begin PBXProject section */
		4EA2C6A12B80597600837674 /* Project object */ = {
			isa = PBXProject;
			attributes = {
				BuildIndependentTargetsInParallel = 1;
				LastSwiftUpdateCheck = 1520;
				LastUpgradeCheck = 1520;
				TargetAttributes = {
					4EA2C6A82B80597600837674 = {
						CreatedOnToolsVersion = 15.2;
					};
					4EA2C6B92B80597800837674 = {
						CreatedOnToolsVersion = 15.2;
						TestTargetID = 4EA2C6A82B80597600837674;
					};
					4EA2C6C32B80597800837674 = {
						CreatedOnToolsVersion = 15.2;
						TestTargetID = 4EA2C6A82B80597600837674;
					};
				};
			};
			buildConfigurationList = 4EA2C6A42B80597600837674 /* Build configuration list for PBXProject "Weather" */;
			compatibilityVersion = "Xcode 14.0";
			developmentRegion = en;
			hasScannedForEncodings = 0;
			knownRegions = (
				en,
				Base,
			);
			mainGroup = 4EA2C6A02B80597600837674;
			packageReferences = (
				4EA2C6E62B82A04500837674 /* XCRemoteSwiftPackageReference "BottomSheet" */,
			);
			productRefGroup = 4EA2C6AA2B80597600837674 /* Products */;
			projectDirPath = "";
			projectRoot = "";
			targets = (
				4EA2C6A82B80597600837674 /* Weather */,
				4EA2C6B92B80597800837674 /* WeatherTests */,
				4EA2C6C32B80597800837674 /* WeatherUITests */,
			);
		};
/* End PBXProject section */

/* Begin PBXResourcesBuildPhase section */
		4EA2C6A72B80597600837674 /* Resources */ = {
			isa = PBXResourcesBuildPhase;
			buildActionMask = 2147483647;
			files = (
				4EA2C6B52B80597800837674 /* Preview Assets.xcassets in Resources */,
				4EA2C6B12B80597800837674 /* Assets.xcassets in Resources */,
			);
			runOnlyForDeploymentPostprocessing = 0;
		};
		4EA2C6B82B80597800837674 /* Resources */ = {
			isa = PBXResourcesBuildPhase;
			buildActionMask = 2147483647;
			files = (
			);
			runOnlyForDeploymentPostprocessing = 0;
		};
		4EA2C6C22B80597800837674 /* Resources */ = {
			isa = PBXResourcesBuildPhase;
			buildActionMask = 2147483647;
			files = (
			);
			runOnlyForDeploymentPostprocessing = 0;
		};
/* End PBXResourcesBuildPhase section */

/* Begin PBXSourcesBuildPhase section */
		4EA2C6A52B80597600837674 /* Sources */ = {
			isa = PBXSourcesBuildPhase;
			buildActionMask = 2147483647;
			files = (
				4EA2C6EA2B82AED400837674 /* ForecastView.swift in Sources */,
				4EA2C6AF2B80597600837674 /* ContentView.swift in Sources */,
				4EA2C6E12B819EBC00837674 /* Homeview.swift in Sources */,
				4EA2C6DF2B805E6B00837674 /* Extensions.swift in Sources */,
				4EA2C6E52B82992C00837674 /* shapes.swift in Sources */,
				4EA2C6AD2B80597600837674 /* WeatherApp.swift in Sources */,
				4EA2C6E32B82935300837674 /* TabBar.swift in Sources */,
			);
			runOnlyForDeploymentPostprocessing = 0;
		};
		4EA2C6B62B80597800837674 /* Sources */ = {
			isa = PBXSourcesBuildPhase;
			buildActionMask = 2147483647;
			files = (
				4EA2C6BF2B80597800837674 /* WeatherTests.swift in Sources */,
			);
			runOnlyForDeploymentPostprocessing = 0;
		};
		4EA2C6C02B80597800837674 /* Sources */ = {
			isa = PBXSourcesBuildPhase;
			buildActionMask = 2147483647;
			files = (
				4EA2C6C92B80597800837674 /* WeatherUITests.swift in Sources */,
				4EA2C6CB2B80597800837674 /* WeatherUITestsLaunchTests.swift in Sources */,
			);
			runOnlyForDeploymentPostprocessing = 0;
		};
/* End PBXSourcesBuildPhase section */

/* Begin PBXTargetDependency section */
		4EA2C6BC2B80597800837674 /* PBXTargetDependency */ = {
			isa = PBXTargetDependency;
			target = 4EA2C6A82B80597600837674 /* Weather */;
			targetProxy = 4EA2C6BB2B80597800837674 /* PBXContainerItemProxy */;
		};
		4EA2C6C62B80597800837674 /* PBXTargetDependency */ = {
			isa = PBXTargetDependency;
			target = 4EA2C6A82B80597600837674 /* Weather */;
			targetProxy = 4EA2C6C52B80597800837674 /* PBXContainerItemProxy */;
		};
/* End PBXTargetDependency section */

/* Begin XCBuildConfiguration section */
		4EA2C6CC2B80597800837674 /* Debug */ = {
			isa = XCBuildConfiguration;
			buildSettings = {
				ALWAYS_SEARCH_USER_PATHS = NO;
				ASSETCATALOG_COMPILER_GENERATE_SWIFT_ASSET_SYMBOL_EXTENSIONS = YES;
				CLANG_ANALYZER_NONNULL = YES;
				CLANG_ANALYZER_NUMBER_OBJECT_CONVERSION = YES_AGGRESSIVE;
				CLANG_CXX_LANGUAGE_STANDARD = "gnu++20";
				CLANG_ENABLE_MODULES = YES;
				CLANG_ENABLE_OBJC_ARC = YES;
				CLANG_ENABLE_OBJC_WEAK = YES;
				CLANG_WARN_BLOCK_CAPTURE_AUTORELEASING = YES;
				CLANG_WARN_BOOL_CONVERSION = YES;
				CLANG_WARN_COMMA = YES;
				CLANG_WARN_CONSTANT_CONVERSION = YES;
				CLANG_WARN_DEPRECATED_OBJC_IMPLEMENTATIONS = YES;
				CLANG_WARN_DIRECT_OBJC_ISA_USAGE = YES_ERROR;
				CLANG_WARN_DOCUMENTATION_COMMENTS = YES;
				CLANG_WARN_EMPTY_BODY = YES;
				CLANG_WARN_ENUM_CONVERSION = YES;
				CLANG_WARN_INFINITE_RECURSION = YES;
				CLANG_WARN_INT_CONVERSION = YES;
				CLANG_WARN_NON_LITERAL_NULL_CONVERSION = YES;
				CLANG_WARN_OBJC_IMPLICIT_RETAIN_SELF = YES;
				CLANG_WARN_OBJC_LITERAL_CONVERSION = YES;
				CLANG_WARN_OBJC_ROOT_CLASS = YES_ERROR;
				CLANG_WARN_QUOTED_INCLUDE_IN_FRAMEWORK_HEADER = YES;
				CLANG_WARN_RANGE_LOOP_ANALYSIS = YES;
				CLANG_WARN_STRICT_PROTOTYPES = YES;
				CLANG_WARN_SUSPICIOUS_MOVE = YES;
				CLANG_WARN_UNGUARDED_AVAILABILITY = YES_AGGRESSIVE;
				CLANG_WARN_UNREACHABLE_CODE = YES;
				CLANG_WARN__DUPLICATE_METHOD_MATCH = YES;
				COPY_PHASE_STRIP = NO;
				DEBUG_INFORMATION_FORMAT = dwarf;
				ENABLE_STRICT_OBJC_MSGSEND = YES;
				ENABLE_TESTABILITY = YES;
				ENABLE_USER_SCRIPT_SANDBOXING = YES;
				GCC_C_LANGUAGE_STANDARD = gnu17;
				GCC_DYNAMIC_NO_PIC = NO;
				GCC_NO_COMMON_BLOCKS = YES;
				GCC_OPTIMIZATION_LEVEL = 0;
				GCC_PREPROCESSOR_DEFINITIONS = (
					"DEBUG=1",
					"$(inherited)",
				);
				GCC_WARN_64_TO_32_BIT_CONVERSION = YES;
				GCC_WARN_ABOUT_RETURN_TYPE = YES_ERROR;
				GCC_WARN_UNDECLARED_SELECTOR = YES;
				GCC_WARN_UNINITIALIZED_AUTOS = YES_AGGRESSIVE;
				GCC_WARN_UNUSED_FUNCTION = YES;
				GCC_WARN_UNUSED_VARIABLE = YES;
				LOCALIZATION_PREFERS_STRING_CATALOGS = YES;
				MTL_ENABLE_DEBUG_INFO = INCLUDE_SOURCE;
				MTL_FAST_MATH = YES;
				ONLY_ACTIVE_ARCH = YES;
				SWIFT_ACTIVE_COMPILATION_CONDITIONS = "DEBUG $(inherited)";
				SWIFT_OPTIMIZATION_LEVEL = "-Onone";
			};
			name = Debug;
		};
		4EA2C6CD2B80597800837674 /* Release */ = {
			isa = XCBuildConfiguration;
			buildSettings = {
				ALWAYS_SEARCH_USER_PATHS = NO;
				ASSETCATALOG_COMPILER_GENERATE_SWIFT_ASSET_SYMBOL_EXTENSIONS = YES;
				CLANG_ANALYZER_NONNULL = YES;
				CLANG_ANALYZER_NUMBER_OBJECT_CONVERSION = YES_AGGRESSIVE;
				CLANG_CXX_LANGUAGE_STANDARD = "gnu++20";
				CLANG_ENABLE_MODULES = YES;
				CLANG_ENABLE_OBJC_ARC = YES;
				CLANG_ENABLE_OBJC_WEAK = YES;
				CLANG_WARN_BLOCK_CAPTURE_AUTORELEASING = YES;
				CLANG_WARN_BOOL_CONVERSION = YES;
				CLANG_WARN_COMMA = YES;
				CLANG_WARN_CONSTANT_CONVERSION = YES;
				CLANG_WARN_DEPRECATED_OBJC_IMPLEMENTATIONS = YES;
				CLANG_WARN_DIRECT_OBJC_ISA_USAGE = YES_ERROR;
				CLANG_WARN_DOCUMENTATION_COMMENTS = YES;
				CLANG_WARN_EMPTY_BODY = YES;
				CLANG_WARN_ENUM_CONVERSION = YES;
				CLANG_WARN_INFINITE_RECURSION = YES;
				CLANG_WARN_INT_CONVERSION = YES;
				CLANG_WARN_NON_LITERAL_NULL_CONVERSION = YES;
				CLANG_WARN_OBJC_IMPLICIT_RETAIN_SELF = YES;
				CLANG_WARN_OBJC_LITERAL_CONVERSION = YES;
				CLANG_WARN_OBJC_ROOT_CLASS = YES_ERROR;
				CLANG_WARN_QUOTED_INCLUDE_IN_FRAMEWORK_HEADER = YES;
				CLANG_WARN_RANGE_LOOP_ANALYSIS = YES;
				CLANG_WARN_STRICT_PROTOTYPES = YES;
				CLANG_WARN_SUSPICIOUS_MOVE = YES;
				CLANG_WARN_UNGUARDED_AVAILABILITY = YES_AGGRESSIVE;
				CLANG_WARN_UNREACHABLE_CODE = YES;
				CLANG_WARN__DUPLICATE_METHOD_MATCH = YES;
				COPY_PHASE_STRIP = NO;
				DEBUG_INFORMATION_FORMAT = "dwarf-with-dsym";
				ENABLE_NS_ASSERTIONS = NO;
				ENABLE_STRICT_OBJC_MSGSEND = YES;
				ENABLE_USER_SCRIPT_SANDBOXING = YES;
				GCC_C_LANGUAGE_STANDARD = gnu17;
				GCC_NO_COMMON_BLOCKS = YES;
				GCC_WARN_64_TO_32_BIT_CONVERSION = YES;
				GCC_WARN_ABOUT_RETURN_TYPE = YES_ERROR;
				GCC_WARN_UNDECLARED_SELECTOR = YES;
				GCC_WARN_UNINITIALIZED_AUTOS = YES_AGGRESSIVE;
				GCC_WARN_UNUSED_FUNCTION = YES;
				GCC_WARN_UNUSED_VARIABLE = YES;
				LOCALIZATION_PREFERS_STRING_CATALOGS = YES;
				MTL_ENABLE_DEBUG_INFO = NO;
				MTL_FAST_MATH = YES;
				SWIFT_COMPILATION_MODE = wholemodule;
			};
			name = Release;
		};
		4EA2C6CF2B80597800837674 /* Debug */ = {
			isa = XCBuildConfiguration;
			buildSettings = {
				ASSETCATALOG_COMPILER_APPICON_NAME = AppIcon;
				ASSETCATALOG_COMPILER_GLOBAL_ACCENT_COLOR_NAME = AccentColor;
				CODE_SIGN_ENTITLEMENTS = Weather/Weather.entitlements;
				CODE_SIGN_STYLE = Automatic;
				CURRENT_PROJECT_VERSION = 1;
				DEVELOPMENT_ASSET_PATHS = "\"Weather/Preview Content\"";
				ENABLE_PREVIEWS = YES;
				GENERATE_INFOPLIST_FILE = YES;
				"INFOPLIST_KEY_UIApplicationSceneManifest_Generation[sdk=iphoneos*]" = YES;
				"INFOPLIST_KEY_UIApplicationSceneManifest_Generation[sdk=iphonesimulator*]" = YES;
				"INFOPLIST_KEY_UIApplicationSupportsIndirectInputEvents[sdk=iphoneos*]" = YES;
				"INFOPLIST_KEY_UIApplicationSupportsIndirectInputEvents[sdk=iphonesimulator*]" = YES;
				"INFOPLIST_KEY_UILaunchScreen_Generation[sdk=iphoneos*]" = YES;
				"INFOPLIST_KEY_UILaunchScreen_Generation[sdk=iphonesimulator*]" = YES;
				"INFOPLIST_KEY_UIStatusBarStyle[sdk=iphoneos*]" = UIStatusBarStyleDefault;
				"INFOPLIST_KEY_UIStatusBarStyle[sdk=iphonesimulator*]" = UIStatusBarStyleDefault;
				INFOPLIST_KEY_UISupportedInterfaceOrientations_iPad = "UIInterfaceOrientationPortrait UIInterfaceOrientationPortraitUpsideDown UIInterfaceOrientationLandscapeLeft UIInterfaceOrientationLandscapeRight";
				INFOPLIST_KEY_UISupportedInterfaceOrientations_iPhone = "UIInterfaceOrientationPortrait UIInterfaceOrientationLandscapeLeft UIInterfaceOrientationLandscapeRight";
				IPHONEOS_DEPLOYMENT_TARGET = 17.2;
				LD_RUNPATH_SEARCH_PATHS = "@executable_path/Frameworks";
				"LD_RUNPATH_SEARCH_PATHS[sdk=macosx*]" = "@executable_path/../Frameworks";
				MACOSX_DEPLOYMENT_TARGET = 14.1;
				MARKETING_VERSION = 1.0;
				PRODUCT_BUNDLE_IDENTIFIER = justforfun.Weather;
				PRODUCT_NAME = "$(TARGET_NAME)";
				SDKROOT = auto;
				SUPPORTED_PLATFORMS = "iphoneos iphonesimulator macosx";
				SWIFT_EMIT_LOC_STRINGS = YES;
				SWIFT_VERSION = 5.0;
				TARGETED_DEVICE_FAMILY = "1,2";
			};
			name = Debug;
		};
		4EA2C6D02B80597800837674 /* Release */ = {
			isa = XCBuildConfiguration;
			buildSettings = {
				ASSETCATALOG_COMPILER_APPICON_NAME = AppIcon;
				ASSETCATALOG_COMPILER_GLOBAL_ACCENT_COLOR_NAME = AccentColor;
				CODE_SIGN_ENTITLEMENTS = Weather/Weather.entitlements;
				CODE_SIGN_STYLE = Automatic;
				CURRENT_PROJECT_VERSION = 1;
				DEVELOPMENT_ASSET_PATHS = "\"Weather/Preview Content\"";
				ENABLE_PREVIEWS = YES;
				GENERATE_INFOPLIST_FILE = YES;
				"INFOPLIST_KEY_UIApplicationSceneManifest_Generation[sdk=iphoneos*]" = YES;
				"INFOPLIST_KEY_UIApplicationSceneManifest_Generation[sdk=iphonesimulator*]" = YES;
				"INFOPLIST_KEY_UIApplicationSupportsIndirectInputEvents[sdk=iphoneos*]" = YES;
				"INFOPLIST_KEY_UIApplicationSupportsIndirectInputEvents[sdk=iphonesimulator*]" = YES;
				"INFOPLIST_KEY_UILaunchScreen_Generation[sdk=iphoneos*]" = YES;
				"INFOPLIST_KEY_UILaunchScreen_Generation[sdk=iphonesimulator*]" = YES;
				"INFOPLIST_KEY_UIStatusBarStyle[sdk=iphoneos*]" = UIStatusBarStyleDefault;
				"INFOPLIST_KEY_UIStatusBarStyle[sdk=iphonesimulator*]" = UIStatusBarStyleDefault;
				INFOPLIST_KEY_UISupportedInterfaceOrientations_iPad = "UIInterfaceOrientationPortrait UIInterfaceOrientationPortraitUpsideDown UIInterfaceOrientationLandscapeLeft UIInterfaceOrientationLandscapeRight";
				INFOPLIST_KEY_UISupportedInterfaceOrientations_iPhone = "UIInterfaceOrientationPortrait UIInterfaceOrientationLandscapeLeft UIInterfaceOrientationLandscapeRight";
				IPHONEOS_DEPLOYMENT_TARGET = 17.2;
				LD_RUNPATH_SEARCH_PATHS = "@executable_path/Frameworks";
				"LD_RUNPATH_SEARCH_PATHS[sdk=macosx*]" = "@executable_path/../Frameworks";
				MACOSX_DEPLOYMENT_TARGET = 14.1;
				MARKETING_VERSION = 1.0;
				PRODUCT_BUNDLE_IDENTIFIER = justforfun.Weather;
				PRODUCT_NAME = "$(TARGET_NAME)";
				SDKROOT = auto;
				SUPPORTED_PLATFORMS = "iphoneos iphonesimulator macosx";
				SWIFT_EMIT_LOC_STRINGS = YES;
				SWIFT_VERSION = 5.0;
				TARGETED_DEVICE_FAMILY = "1,2";
			};
			name = Release;
		};
		4EA2C6D22B80597800837674 /* Debug */ = {
			isa = XCBuildConfiguration;
			buildSettings = {
				ALWAYS_EMBED_SWIFT_STANDARD_LIBRARIES = YES;
				BUNDLE_LOADER = "$(TEST_HOST)";
				CODE_SIGN_STYLE = Automatic;
				CURRENT_PROJECT_VERSION = 1;
				GENERATE_INFOPLIST_FILE = YES;
				IPHONEOS_DEPLOYMENT_TARGET = 17.2;
				MACOSX_DEPLOYMENT_TARGET = 14.1;
				MARKETING_VERSION = 1.0;
				PRODUCT_BUNDLE_IDENTIFIER = justforfun.WeatherTests;
				PRODUCT_NAME = "$(TARGET_NAME)";
				SDKROOT = auto;
				SUPPORTED_PLATFORMS = "iphoneos iphonesimulator macosx";
				SWIFT_EMIT_LOC_STRINGS = NO;
				SWIFT_VERSION = 5.0;
				TARGETED_DEVICE_FAMILY = "1,2";
				TEST_HOST = "$(BUILT_PRODUCTS_DIR)/Weather.app/$(BUNDLE_EXECUTABLE_FOLDER_PATH)/Weather";
			};
			name = Debug;
		};
		4EA2C6D32B80597800837674 /* Release */ = {
			isa = XCBuildConfiguration;
			buildSettings = {
				ALWAYS_EMBED_SWIFT_STANDARD_LIBRARIES = YES;
				BUNDLE_LOADER = "$(TEST_HOST)";
				CODE_SIGN_STYLE = Automatic;
				CURRENT_PROJECT_VERSION = 1;
				GENERATE_INFOPLIST_FILE = YES;
				IPHONEOS_DEPLOYMENT_TARGET = 17.2;
				MACOSX_DEPLOYMENT_TARGET = 14.1;
				MARKETING_VERSION = 1.0;
				PRODUCT_BUNDLE_IDENTIFIER = justforfun.WeatherTests;
				PRODUCT_NAME = "$(TARGET_NAME)";
				SDKROOT = auto;
				SUPPORTED_PLATFORMS = "iphoneos iphonesimulator macosx";
				SWIFT_EMIT_LOC_STRINGS = NO;
				SWIFT_VERSION = 5.0;
				TARGETED_DEVICE_FAMILY = "1,2";
				TEST_HOST = "$(BUILT_PRODUCTS_DIR)/Weather.app/$(BUNDLE_EXECUTABLE_FOLDER_PATH)/Weather";
			};
			name = Release;
		};
		4EA2C6D52B80597800837674 /* Debug */ = {
			isa = XCBuildConfiguration;
			buildSettings = {
				ALWAYS_EMBED_SWIFT_STANDARD_LIBRARIES = YES;
				CODE_SIGN_STYLE = Automatic;
				CURRENT_PROJECT_VERSION = 1;
				GENERATE_INFOPLIST_FILE = YES;
				IPHONEOS_DEPLOYMENT_TARGET = 17.2;
				MACOSX_DEPLOYMENT_TARGET = 14.1;
				MARKETING_VERSION = 1.0;
				PRODUCT_BUNDLE_IDENTIFIER = justforfun.WeatherUITests;
				PRODUCT_NAME = "$(TARGET_NAME)";
				SDKROOT = auto;
				SUPPORTED_PLATFORMS = "iphoneos iphonesimulator macosx";
				SWIFT_EMIT_LOC_STRINGS = NO;
				SWIFT_VERSION = 5.0;
				TARGETED_DEVICE_FAMILY = "1,2";
				TEST_TARGET_NAME = Weather;
			};
			name = Debug;
		};
		4EA2C6D62B80597800837674 /* Release */ = {
			isa = XCBuildConfiguration;
			buildSettings = {
				ALWAYS_EMBED_SWIFT_STANDARD_LIBRARIES = YES;
				CODE_SIGN_STYLE = Automatic;
				CURRENT_PROJECT_VERSION = 1;
				GENERATE_INFOPLIST_FILE = YES;
				IPHONEOS_DEPLOYMENT_TARGET = 17.2;
				MACOSX_DEPLOYMENT_TARGET = 14.1;
				MARKETING_VERSION = 1.0;
				PRODUCT_BUNDLE_IDENTIFIER = justforfun.WeatherUITests;
				PRODUCT_NAME = "$(TARGET_NAME)";
				SDKROOT = auto;
				SUPPORTED_PLATFORMS = "iphoneos iphonesimulator macosx";
				SWIFT_EMIT_LOC_STRINGS = NO;
				SWIFT_VERSION = 5.0;
				TARGETED_DEVICE_FAMILY = "1,2";
				TEST_TARGET_NAME = Weather;
			};
			name = Release;
		};
/* End XCBuildConfiguration section */

/* Begin XCConfigurationList section */
		4EA2C6A42B80597600837674 /* Build configuration list for PBXProject "Weather" */ = {
			isa = XCConfigurationList;
			buildConfigurations = (
				4EA2C6CC2B80597800837674 /* Debug */,
				4EA2C6CD2B80597800837674 /* Release */,
			);
			defaultConfigurationIsVisible = 0;
			defaultConfigurationName = Release;
		};
		4EA2C6CE2B80597800837674 /* Build configuration list for PBXNativeTarget "Weather" */ = {
			isa = XCConfigurationList;
			buildConfigurations = (
				4EA2C6CF2B80597800837674 /* Debug */,
				4EA2C6D02B80597800837674 /* Release */,
			);
			defaultConfigurationIsVisible = 0;
			defaultConfigurationName = Release;
		};
		4EA2C6D12B80597800837674 /* Build configuration list for PBXNativeTarget "WeatherTests" */ = {
			isa = XCConfigurationList;
			buildConfigurations = (
				4EA2C6D22B80597800837674 /* Debug */,
				4EA2C6D32B80597800837674 /* Release */,
			);
			defaultConfigurationIsVisible = 0;
			defaultConfigurationName = Release;
		};
		4EA2C6D42B80597800837674 /* Build configuration list for PBXNativeTarget "WeatherUITests" */ = {
			isa = XCConfigurationList;
			buildConfigurations = (
				4EA2C6D52B80597800837674 /* Debug */,
				4EA2C6D62B80597800837674 /* Release */,
			);
			defaultConfigurationIsVisible = 0;
			defaultConfigurationName = Release;
		};
/* End XCConfigurationList section */

/* Begin XCRemoteSwiftPackageReference section */
		4EA2C6E62B82A04500837674 /* XCRemoteSwiftPackageReference "BottomSheet" */ = {
			isa = XCRemoteSwiftPackageReference;
			repositoryURL = "https://github.com/Wouter125/BottomSheet";
			requirement = {
				branch = main;
				kind = branch;
			};
		};
/* End XCRemoteSwiftPackageReference section */

/* Begin XCSwiftPackageProductDependency section */
		4EA2C6E72B82A04500837674 /* BottomSheet */ = {
			isa = XCSwiftPackageProductDependency;
			package = 4EA2C6E62B82A04500837674 /* XCRemoteSwiftPackageReference "BottomSheet" */;
			productName = BottomSheet;
		};
/* End XCSwiftPackageProductDependency section */
	};
	rootObject = 4EA2C6A12B80597600837674 /* Project object */;
}
